
Microsoft Visual Studio Solution File, Format Version 12.00
# Visual Studio Version 16
VisualStudioVersion = 16.0.32106.194
MinimumVisualStudioVersion = 10.0.40219.1
Project("{FAE04EC0-301F-11D3-BF4B-00C04F79EFBC}") = "Decker_Jake_Monday", "Decker_Jake_Monday.csproj", "{EC86F306-C11C-4EDF-9EE0-2456460042A0}"
EndProject
Global
	GlobalSection(SolutionConfigurationPlatforms) = preSolution
		Debug|Any CPU = Debug|Any CPU
		Release|Any CPU = Release|Any CPU
	EndGlobalSection
	GlobalSection(ProjectConfigurationPlatforms) = postSolution
		{EC86F306-C11C-4EDF-9EE0-2456460042A0}.Debug|Any CPU.ActiveCfg = Debug|Any CPU
		{EC86F306-C11C-4EDF-9EE0-2456460042A0}.Debug|Any CPU.Build.0 = Debug|Any CPU
		{EC86F306-C11C-4EDF-9EE0-2456460042A0}.Release|Any CPU.ActiveCfg = Release|Any CPU
		{EC86F306-C11C-4EDF-9EE0-2456460042A0}.Release|Any CPU.Build.0 = Release|Any CPU
	EndGlobalSection
	GlobalSection(SolutionProperties) = preSolution
		HideSolutionNode = FALSE
	EndGlobalSection
	GlobalSection(ExtensibilityGlobals) = postSolution
		SolutionGuid = {44867433-74CD-414A-AF86-4DAC73E41D25}
	EndGlobalSection
EndGlobal
